# THIS IS AN AUTOGENERATED FILE. DO NOT EDIT THIS FILE DIRECTLY.
# yarn lockfile v1


"@types/bindings@^1.5.0":
  version "1.5.5"
  resolved "https://registry.npmjs.org/@types/bindings/-/bindings-1.5.5.tgz"
  integrity sha512-y59PRZBTo2/HuN94qRjyJD+465vGoXMsqz9MMJDbtJL9oT5/B+tAL6c3k10epIinC2/BBkLqKzKC6keukl8wdQ==
  dependencies:
    "@types/node" "*"

"@types/node@*":
  version "24.0.14"
  resolved "https://registry.npmjs.org/@types/node/-/node-24.0.14.tgz"
  integrity sha512-4zXMWD91vBLGRtHK3YbIoFMia+1nqEz72coM42C5ETjnNCa/heoj7NT1G67iAfOqMmcfhuCZ4uNpyz8EjlAejw==
  dependencies:
    undici-types "~7.8.0"

bindings@^1.5.0:
  version "1.5.0"
  resolved "https://registry.npmjs.org/bindings/-/bindings-1.5.0.tgz"
  integrity sha512-p2q/t/mhvuOj/UeLlV6566GD/guowlr0hHxClI0W9m7MWYkL1F0hLo+0Aexs9HSPCtR1SXQ0TD3MMKrXZajbiQ==
  dependencies:
    file-uri-to-path "1.0.0"

file-uri-to-path@1.0.0:
  version "1.0.0"
  resolved "https://registry.npmjs.org/file-uri-to-path/-/file-uri-to-path-1.0.0.tgz"
  integrity sha512-0Zt+s3L7Vf1biwWZ29aARiVYLx7iMGnEUl9x33fbB/j3jR81u/O2LbqK+Bm1CDSNDKVtJ/YjwY7TUd5SkeLQLw==

hfstol@^0.0.3:
  version "0.0.3"
  resolved "https://registry.npmjs.org/hfstol/-/hfstol-0.0.3.tgz"
  integrity sha512-aA6f/UqjK/oAp0l0NofY/Baan2dMlVLtTlsAdZ8vPVFlsGg8V1UZpAhfI4lz/pNh5aKajIaz6KljJWMOefLyzw==
  dependencies:
    "@types/bindings" "^1.5.0"
    bindings "^1.5.0"
    node-addon-api "^3.2.1"

node-addon-api@^3.2.1:
  version "3.2.1"
  resolved "https://registry.npmjs.org/node-addon-api/-/node-addon-api-3.2.1.tgz"
  integrity sha512-mmcei9JghVNDYydghQmeDX8KoAm0FAiYyIcUt/N4nhyAipB17pllZQDOJD2fotxABnt4Mdz+dKTO7eftLg4d0A==

undici-types@~7.8.0:
  version "7.8.0"
  resolved "https://registry.npmjs.org/undici-types/-/undici-types-7.8.0.tgz"
  integrity sha512-9UJ2xGDvQ43tYyVMpuHlsgApydB8ZKfVYTsLDhXkFL/6gfkp+U8xTGdh8pMJv1SpZna0zxG1DwsKZsreLbXBxw==
